// !$*UTF8*$!
{
	archiveVersion = 1;
	classes = {
	};
	objectVersion = 56;
	objects = {

/* Begin PBXBuildFile section */
		3F973F12290FAC7200625877 /* AppDelegate.swift in Sources */ = {isa = PBXBuildFile; fileRef = 3F973F11290FAC7200625877 /* AppDelegate.swift */; };
		3F973F1A290FAC7200625877 /* GameViewController.swift in Sources */ = {isa = PBXBuildFile; fileRef = 3F973F19290FAC7200625877 /* GameViewController.swift */; };
		3F973F1D290FAC7200625877 /* Main.storyboard in Resources */ = {isa = PBXBuildFile; fileRef = 3F973F1B290FAC7200625877 /* Main.storyboard */; };
		3F973F1F290FAC7400625877 /* Assets.xcassets in Resources */ = {isa = PBXBuildFile; fileRef = 3F973F1E290FAC7400625877 /* Assets.xcassets */; };
		3F973F22290FAC7400625877 /* LaunchScreen.storyboard in Resources */ = {isa = PBXBuildFile; fileRef = 3F973F20290FAC7400625877 /* LaunchScreen.storyboard */; };
		3F973F29290FACAC00625877 /* Tools.swift in Sources */ = {isa = PBXBuildFile; fileRef = 3F973F28290FACAC00625877 /* Tools.swift */; };
		3F973F2B290FACBF00625877 /* Defined.swift in Sources */ = {isa = PBXBuildFile; fileRef = 3F973F2A290FACBF00625877 /* Defined.swift */; };
		3F973F2D290FACD000625877 /* GokuGameScene.swift in Sources */ = {isa = PBXBuildFile; fileRef = 3F973F2C290FACCF00625877 /* GokuGameScene.swift */; };
		3F973F39290FAD6500625877 /* GokuCorriendo6.png in Resources */ = {isa = PBXBuildFile; fileRef = 3F973F30290FAD6400625877 /* GokuCorriendo6.png */; };
		3F973F3A290FAD6500625877 /* GokuCorriendo7.png in Resources */ = {isa = PBXBuildFile; fileRef = 3F973F31290FAD6400625877 /* GokuCorriendo7.png */; };
		3F973F3B290FAD6500625877 /* GokuCorriendo2.png in Resources */ = {isa = PBXBuildFile; fileRef = 3F973F32290FAD6400625877 /* GokuCorriendo2.png */; };
		3F973F3C290FAD6500625877 /* GokuCorriendo8.png in Resources */ = {isa = PBXBuildFile; fileRef = 3F973F33290FAD6400625877 /* GokuCorriendo8.png */; };
		3F973F3D290FAD6500625877 /* GokuCorriendo5.png in Resources */ = {isa = PBXBuildFile; fileRef = 3F973F34290FAD6400625877 /* GokuCorriendo5.png */; };
		3F973F3E290FAD6500625877 /* GokuCorriendo1.png in Resources */ = {isa = PBXBuildFile; fileRef = 3F973F35290FAD6400625877 /* GokuCorriendo1.png */; };
		3F973F3F290FAD6500625877 /* Background.jpg in Resources */ = {isa = PBXBuildFile; fileRef = 3F973F36290FAD6500625877 /* Background.jpg */; };
		3F973F40290FAD6500625877 /* GokuCorriendo4.png in Resources */ = {isa = PBXBuildFile; fileRef = 3F973F37290FAD6500625877 /* GokuCorriendo4.png */; };
		3F973F41290FAD6500625877 /* GokuCorriendo3.png in Resources */ = {isa = PBXBuildFile; fileRef = 3F973F38290FAD6500625877 /* GokuCorriendo3.png */; };
		3F973F4A290FAD7C00625877 /* highScore.wav in Resources */ = {isa = PBXBuildFile; fileRef = 3F973F42290FAD7B00625877 /* highScore.wav */; };
		3F973F4B290FAD7C00625877 /* victory.wav in Resources */ = {isa = PBXBuildFile; fileRef = 3F973F43290FAD7B00625877 /* victory.wav */; };
		3F973F4C290FAD7C00625877 /* kick.wav in Resources */ = {isa = PBXBuildFile; fileRef = 3F973F44290FAD7B00625877 /* kick.wav */; };
		3F973F4D290FAD7C00625877 /* bg_country.mp3 in Resources */ = {isa = PBXBuildFile; fileRef = 3F973F45290FAD7B00625877 /* bg_country.mp3 */; };
		3F973F4E290FAD7C00625877 /* fall.wav in Resources */ = {isa = PBXBuildFile; fileRef = 3F973F46290FAD7B00625877 /* fall.wav */; };
		3F973F4F290FAD7C00625877 /* stick_grow_loop.wav in Resources */ = {isa = PBXBuildFile; fileRef = 3F973F47290FAD7B00625877 /* stick_grow_loop.wav */; };
		3F973F50290FAD7C00625877 /* dead.wav in Resources */ = {isa = PBXBuildFile; fileRef = 3F973F48290FAD7B00625877 /* dead.wav */; };
		3F973F51290FAD7C00625877 /* touch_mid.wav in Resources */ = {isa = PBXBuildFile; fileRef = 3F973F49290FAD7B00625877 /* touch_mid.wav */; };
		3F973F54290FAD8900625877 /* button_retry_down.png in Resources */ = {isa = PBXBuildFile; fileRef = 3F973F52290FAD8900625877 /* button_retry_down.png */; };
		3F973F55290FAD8900625877 /* button_retry_up.png in Resources */ = {isa = PBXBuildFile; fileRef = 3F973F53290FAD8900625877 /* button_retry_up.png */; };
		3F973F60290FB07900625877 /* StarExplosion.sks in Resources */ = {isa = PBXBuildFile; fileRef = 3F973F5E290FB07900625877 /* StarExplosion.sks */; };
		3F973F61290FB07900625877 /* starParticle.png in Resources */ = {isa = PBXBuildFile; fileRef = 3F973F5F290FB07900625877 /* starParticle.png */; };
/* End PBXBuildFile section */

/* Begin PBXFileReference section */
		3F973F0E290FAC7200625877 /* BridgeOfGoku.app */ = {isa = PBXFileReference; explicitFileType = wrapper.application; includeInIndex = 0; path = BridgeOfGoku.app; sourceTree = BUILT_PRODUCTS_DIR; };
		3F973F11290FAC7200625877 /* AppDelegate.swift */ = {isa = PBXFileReference; lastKnownFileType = sourcecode.swift; path = AppDelegate.swift; sourceTree = "<group>"; };
		3F973F19290FAC7200625877 /* GameViewController.swift */ = {isa = PBXFileReference; lastKnownFileType = sourcecode.swift; path = GameViewController.swift; sourceTree = "<group>"; };
		3F973F1C290FAC7200625877 /* Base */ = {isa = PBXFileReference; lastKnownFileType = file.storyboard; name = Base; path = Base.lproj/Main.storyboard; sourceTree = "<group>"; };
		3F973F1E290FAC7400625877 /* Assets.xcassets */ = {isa = PBXFileReference; lastKnownFileType = folder.assetcatalog; path = Assets.xcassets; sourceTree = "<group>"; };
		3F973F21290FAC7400625877 /* Base */ = {isa = PBXFileReference; lastKnownFileType = file.storyboard; name = Base; path = Base.lproj/LaunchScreen.storyboard; sourceTree = "<group>"; };
		3F973F28290FACAC00625877 /* Tools.swift */ = {isa = PBXFileReference; lastKnownFileType = sourcecode.swift; path = Tools.swift; sourceTree = "<group>"; };
		3F973F2A290FACBF00625877 /* Defined.swift */ = {isa = PBXFileReference; lastKnownFileType = sourcecode.swift; path = Defined.swift; sourceTree = "<group>"; };
		3F973F2C290FACCF00625877 /* GokuGameScene.swift */ = {isa = PBXFileReference; lastKnownFileType = sourcecode.swift; path = GokuGameScene.swift; sourceTree = "<group>"; };
		3F973F2E290FAD4F00625877 /* Info.plist */ = {isa = PBXFileReference; lastKnownFileType = text.plist.xml; path = Info.plist; sourceTree = "<group>"; };
		3F973F30290FAD6400625877 /* GokuCorriendo6.png */ = {isa = PBXFileReference; lastKnownFileType = image.png; name = GokuCorriendo6.png; path = "../../../Downloads/Goku sin backgroun/GokuCorriendo6.png"; sourceTree = "<group>"; };
		3F973F31290FAD6400625877 /* GokuCorriendo7.png */ = {isa = PBXFileReference; lastKnownFileType = image.png; name = GokuCorriendo7.png; path = "../../../Downloads/Goku sin backgroun/GokuCorriendo7.png"; sourceTree = "<group>"; };
		3F973F32290FAD6400625877 /* GokuCorriendo2.png */ = {isa = PBXFileReference; lastKnownFileType = image.png; name = GokuCorriendo2.png; path = "../../../Downloads/Goku sin backgroun/GokuCorriendo2.png"; sourceTree = "<group>"; };
		3F973F33290FAD6400625877 /* GokuCorriendo8.png */ = {isa = PBXFileReference; lastKnownFileType = image.png; name = GokuCorriendo8.png; path = "../../../Downloads/Goku sin backgroun/GokuCorriendo8.png"; sourceTree = "<group>"; };
		3F973F34290FAD6400625877 /* GokuCorriendo5.png */ = {isa = PBXFileReference; lastKnownFileType = image.png; name = GokuCorriendo5.png; path = "../../../Downloads/Goku sin backgroun/GokuCorriendo5.png"; sourceTree = "<group>"; };
		3F973F35290FAD6400625877 /* GokuCorriendo1.png */ = {isa = PBXFileReference; lastKnownFileType = image.png; name = GokuCorriendo1.png; path = "../../../Downloads/Goku sin backgroun/GokuCorriendo1.png"; sourceTree = "<group>"; };
		3F973F36290FAD6500625877 /* Background.jpg */ = {isa = PBXFileReference; lastKnownFileType = image.jpeg; name = Background.jpg; path = "../../../Downloads/Goku sin backgroun/Background.jpg"; sourceTree = "<group>"; };
		3F973F37290FAD6500625877 /* GokuCorriendo4.png */ = {isa = PBXFileReference; lastKnownFileType = image.png; name = GokuCorriendo4.png; path = "../../../Downloads/Goku sin backgroun/GokuCorriendo4.png"; sourceTree = "<group>"; };
		3F973F38290FAD6500625877 /* GokuCorriendo3.png */ = {isa = PBXFileReference; lastKnownFileType = image.png; name = GokuCorriendo3.png; path = "../../../Downloads/Goku sin backgroun/GokuCorriendo3.png"; sourceTree = "<group>"; };
		3F973F42290FAD7B00625877 /* highScore.wav */ = {isa = PBXFileReference; lastKnownFileType = audio.wav; name = highScore.wav; path = "../Complemtos De Proyectos/Proycetos Swift/BrigdeOfGoku/Sound/highScore.wav"; sourceTree = "<group>"; };
		3F973F43290FAD7B00625877 /* victory.wav */ = {isa = PBXFileReference; lastKnownFileType = audio.wav; name = victory.wav; path = "../Complemtos De Proyectos/Proycetos Swift/BrigdeOfGoku/Sound/victory.wav"; sourceTree = "<group>"; };
		3F973F44290FAD7B00625877 /* kick.wav */ = {isa = PBXFileReference; lastKnownFileType = audio.wav; name = kick.wav; path = "../Complemtos De Proyectos/Proycetos Swift/BrigdeOfGoku/Sound/kick.wav"; sourceTree = "<group>"; };
		3F973F45290FAD7B00625877 /* bg_country.mp3 */ = {isa = PBXFileReference; lastKnownFileType = audio.mp3; name = bg_country.mp3; path = "../Complemtos De Proyectos/Proycetos Swift/BrigdeOfGoku/Sound/bg_country.mp3"; sourceTree = "<group>"; };
		3F973F46290FAD7B00625877 /* fall.wav */ = {isa = PBXFileReference; lastKnownFileType = audio.wav; name = fall.wav; path = "../Complemtos De Proyectos/Proycetos Swift/BrigdeOfGoku/Sound/fall.wav"; sourceTree = "<group>"; };
		3F973F47290FAD7B00625877 /* stick_grow_loop.wav */ = {isa = PBXFileReference; lastKnownFileType = audio.wav; name = stick_grow_loop.wav; path = "../Complemtos De Proyectos/Proycetos Swift/BrigdeOfGoku/Sound/stick_grow_loop.wav"; sourceTree = "<group>"; };
		3F973F48290FAD7B00625877 /* dead.wav */ = {isa = PBXFileReference; lastKnownFileType = audio.wav; name = dead.wav; path = "../Complemtos De Proyectos/Proycetos Swift/BrigdeOfGoku/Sound/dead.wav"; sourceTree = "<group>"; };
		3F973F49290FAD7B00625877 /* touch_mid.wav */ = {isa = PBXFileReference; lastKnownFileType = audio.wav; name = touch_mid.wav; path = "../Complemtos De Proyectos/Proycetos Swift/BrigdeOfGoku/Sound/touch_mid.wav"; sourceTree = "<group>"; };
		3F973F52290FAD8900625877 /* button_retry_down.png */ = {isa = PBXFileReference; lastKnownFileType = image.png; name = button_retry_down.png; path = "../Complemtos De Proyectos/Proycetos Swift/BrigdeOfGoku/Images/button_retry_down.png"; sourceTree = "<group>"; };
		3F973F53290FAD8900625877 /* button_retry_up.png */ = {isa = PBXFileReference; lastKnownFileType = image.png; name = button_retry_up.png; path = "../Complemtos De Proyectos/Proycetos Swift/BrigdeOfGoku/Images/button_retry_up.png"; sourceTree = "<group>"; };
		3F973F5E290FB07900625877 /* StarExplosion.sks */ = {isa = PBXFileReference; lastKnownFileType = file.sks; name = StarExplosion.sks; path = "../Complemtos De Proyectos/Proycetos Swift/BrigdeOfGoku/Sks/StarExplosion.sks"; sourceTree = "<group>"; };
		3F973F5F290FB07900625877 /* starParticle.png */ = {isa = PBXFileReference; lastKnownFileType = image.png; name = starParticle.png; path = "../Complemtos De Proyectos/Proycetos Swift/BrigdeOfGoku/Sks/starParticle.png"; sourceTree = "<group>"; };
/* End PBXFileReference section */

/* Begin PBXFrameworksBuildPhase section */
		3F973F0B290FAC7200625877 /* Frameworks */ = {
			isa = PBXFrameworksBuildPhase;
			buildActionMask = 2147483647;
			files = (
			);
			runOnlyForDeploymentPostprocessing = 0;
		};
/* End PBXFrameworksBuildPhase section */

/* Begin PBXGroup section */
		3F973F05290FAC7200625877 = {
			isa = PBXGroup;
			children = (
				3F973F5E290FB07900625877 /* StarExplosion.sks */,
				3F973F5F290FB07900625877 /* starParticle.png */,
				3F973F52290FAD8900625877 /* button_retry_down.png */,
				3F973F53290FAD8900625877 /* button_retry_up.png */,
				3F973F45290FAD7B00625877 /* bg_country.mp3 */,
				3F973F48290FAD7B00625877 /* dead.wav */,
				3F973F46290FAD7B00625877 /* fall.wav */,
				3F973F42290FAD7B00625877 /* highScore.wav */,
				3F973F44290FAD7B00625877 /* kick.wav */,
				3F973F47290FAD7B00625877 /* stick_grow_loop.wav */,
				3F973F49290FAD7B00625877 /* touch_mid.wav */,
				3F973F43290FAD7B00625877 /* victory.wav */,
				3F973F2E290FAD4F00625877 /* Info.plist */,
				3F973F36290FAD6500625877 /* Background.jpg */,
				3F973F35290FAD6400625877 /* GokuCorriendo1.png */,
				3F973F32290FAD6400625877 /* GokuCorriendo2.png */,
				3F973F38290FAD6500625877 /* GokuCorriendo3.png */,
				3F973F37290FAD6500625877 /* GokuCorriendo4.png */,
				3F973F34290FAD6400625877 /* GokuCorriendo5.png */,
				3F973F30290FAD6400625877 /* GokuCorriendo6.png */,
				3F973F31290FAD6400625877 /* GokuCorriendo7.png */,
				3F973F33290FAD6400625877 /* GokuCorriendo8.png */,
				3F973F2C290FACCF00625877 /* GokuGameScene.swift */,
				3F973F2A290FACBF00625877 /* Defined.swift */,
				3F973F28290FACAC00625877 /* Tools.swift */,
				3F973F10290FAC7200625877 /* BridgeOfGoku */,
				3F973F0F290FAC7200625877 /* Products */,
			);
			sourceTree = "<group>";
		};
		3F973F0F290FAC7200625877 /* Products */ = {
			isa = PBXGroup;
			children = (
				3F973F0E290FAC7200625877 /* BridgeOfGoku.app */,
			);
			name = Products;
			sourceTree = "<group>";
		};
		3F973F10290FAC7200625877 /* BridgeOfGoku */ = {
			isa = PBXGroup;
			children = (
				3F973F11290FAC7200625877 /* AppDelegate.swift */,
				3F973F19290FAC7200625877 /* GameViewController.swift */,
				3F973F1B290FAC7200625877 /* Main.storyboard */,
				3F973F1E290FAC7400625877 /* Assets.xcassets */,
				3F973F20290FAC7400625877 /* LaunchScreen.storyboard */,
			);
			path = BridgeOfGoku;
			sourceTree = "<group>";
		};
/* End PBXGroup section */

/* Begin PBXNativeTarget section */
		3F973F0D290FAC7200625877 /* BridgeOfGoku */ = {
			isa = PBXNativeTarget;
			buildConfigurationList = 3F973F25290FAC7400625877 /* Build configuration list for PBXNativeTarget "BridgeOfGoku" */;
			buildPhases = (
				3F973F0A290FAC7200625877 /* Sources */,
				3F973F0B290FAC7200625877 /* Frameworks */,
				3F973F0C290FAC7200625877 /* Resources */,
			);
			buildRules = (
			);
			dependencies = (
			);
			name = BridgeOfGoku;
			productName = BridgeOfGoku;
			productReference = 3F973F0E290FAC7200625877 /* BridgeOfGoku.app */;
			productType = "com.apple.product-type.application";
		};
/* End PBXNativeTarget section */

/* Begin PBXProject section */
		3F973F06290FAC7200625877 /* Project object */ = {
			isa = PBXProject;
			attributes = {
				BuildIndependentTargetsInParallel = 1;
				LastSwiftUpdateCheck = 1400;
				LastUpgradeCheck = 1400;
				TargetAttributes = {
					3F973F0D290FAC7200625877 = {
						CreatedOnToolsVersion = 14.0.1;
					};
				};
			};
			buildConfigurationList = 3F973F09290FAC7200625877 /* Build configuration list for PBXProject "BridgeOfGoku" */;
			compatibilityVersion = "Xcode 14.0";
			developmentRegion = en;
			hasScannedForEncodings = 0;
			knownRegions = (
				en,
				Base,
			);
			mainGroup = 3F973F05290FAC7200625877;
			productRefGroup = 3F973F0F290FAC7200625877 /* Products */;
			projectDirPath = "";
			projectRoot = "";
			targets = (
				3F973F0D290FAC7200625877 /* BridgeOfGoku */,
			);
		};
/* End PBXProject section */

/* Begin PBXResourcesBuildPhase section */
		3F973F0C290FAC7200625877 /* Resources */ = {
			isa = PBXResourcesBuildPhase;
			buildActionMask = 2147483647;
			files = (
				3F973F3C290FAD6500625877 /* GokuCorriendo8.png in Resources */,
				3F973F3F290FAD6500625877 /* Background.jpg in Resources */,
				3F973F4F290FAD7C00625877 /* stick_grow_loop.wav in Resources */,
				3F973F54290FAD8900625877 /* button_retry_down.png in Resources */,
				3F973F1D290FAC7200625877 /* Main.storyboard in Resources */,
				3F973F4D290FAD7C00625877 /* bg_country.mp3 in Resources */,
				3F973F3E290FAD6500625877 /* GokuCorriendo1.png in Resources */,
				3F973F4A290FAD7C00625877 /* highScore.wav in Resources */,
				3F973F51290FAD7C00625877 /* touch_mid.wav in Resources */,
				3F973F61290FB07900625877 /* starParticle.png in Resources */,
				3F973F60290FB07900625877 /* StarExplosion.sks in Resources */,
				3F973F4C290FAD7C00625877 /* kick.wav in Resources */,
				3F973F3B290FAD6500625877 /* GokuCorriendo2.png in Resources */,
				3F973F50290FAD7C00625877 /* dead.wav in Resources */,
				3F973F41290FAD6500625877 /* GokuCorriendo3.png in Resources */,
				3F973F4B290FAD7C00625877 /* victory.wav in Resources */,
				3F973F55290FAD8900625877 /* button_retry_up.png in Resources */,
				3F973F3D290FAD6500625877 /* GokuCorriendo5.png in Resources */,
				3F973F1F290FAC7400625877 /* Assets.xcassets in Resources */,
				3F973F40290FAD6500625877 /* GokuCorriendo4.png in Resources */,
				3F973F39290FAD6500625877 /* GokuCorriendo6.png in Resources */,
				3F973F4E290FAD7C00625877 /* fall.wav in Resources */,
				3F973F22290FAC7400625877 /* LaunchScreen.storyboard in Resources */,
				3F973F3A290FAD6500625877 /* GokuCorriendo7.png in Resources */,
			);
			runOnlyForDeploymentPostprocessing = 0;
		};
/* End PBXResourcesBuildPhase section */

/* Begin PBXSourcesBuildPhase section */
		3F973F0A290FAC7200625877 /* Sources */ = {
			isa = PBXSourcesBuildPhase;
			buildActionMask = 2147483647;
			files = (
				3F973F29290FACAC00625877 /* Tools.swift in Sources */,
				3F973F1A290FAC7200625877 /* GameViewController.swift in Sources */,
				3F973F12290FAC7200625877 /* AppDelegate.swift in Sources */,
				3F973F2D290FACD000625877 /* GokuGameScene.swift in Sources */,
				3F973F2B290FACBF00625877 /* Defined.swift in Sources */,
			);
			runOnlyForDeploymentPostprocessing = 0;
		};
/* End PBXSourcesBuildPhase section */

/* Begin PBXVariantGroup section */
		3F973F1B290FAC7200625877 /* Main.storyboard */ = {
			isa = PBXVariantGroup;
			children = (
				3F973F1C290FAC7200625877 /* Base */,
			);
			name = Main.storyboard;
			sourceTree = "<group>";
		};
		3F973F20290FAC7400625877 /* LaunchScreen.storyboard */ = {
			isa = PBXVariantGroup;
			children = (
				3F973F21290FAC7400625877 /* Base */,
			);
			name = LaunchScreen.storyboard;
			sourceTree = "<group>";
		};
/* End PBXVariantGroup section */

/* Begin XCBuildConfiguration section */
		3F973F23290FAC7400625877 /* Debug */ = {
			isa = XCBuildConfiguration;
			buildSettings = {
				ALWAYS_SEARCH_USER_PATHS = NO;
				CLANG_ANALYZER_NONNULL = YES;
				CLANG_ANALYZER_NUMBER_OBJECT_CONVERSION = YES_AGGRESSIVE;
				CLANG_CXX_LANGUAGE_STANDARD = "gnu++20";
				CLANG_ENABLE_MODULES = YES;
				CLANG_ENABLE_OBJC_ARC = YES;
				CLANG_ENABLE_OBJC_WEAK = YES;
				CLANG_WARN_BLOCK_CAPTURE_AUTORELEASING = YES;
				CLANG_WARN_BOOL_CONVERSION = YES;
				CLANG_WARN_COMMA = YES;
				CLANG_WARN_CONSTANT_CONVERSION = YES;
				CLANG_WARN_DEPRECATED_OBJC_IMPLEMENTATIONS = YES;
				CLANG_WARN_DIRECT_OBJC_ISA_USAGE = YES_ERROR;
				CLANG_WARN_DOCUMENTATION_COMMENTS = YES;
				CLANG_WARN_EMPTY_BODY = YES;
				CLANG_WARN_ENUM_CONVERSION = YES;
				CLANG_WARN_INFINITE_RECURSION = YES;
				CLANG_WARN_INT_CONVERSION = YES;
				CLANG_WARN_NON_LITERAL_NULL_CONVERSION = YES;
				CLANG_WARN_OBJC_IMPLICIT_RETAIN_SELF = YES;
				CLANG_WARN_OBJC_LITERAL_CONVERSION = YES;
				CLANG_WARN_OBJC_ROOT_CLASS = YES_ERROR;
				CLANG_WARN_QUOTED_INCLUDE_IN_FRAMEWORK_HEADER = YES;
				CLANG_WARN_RANGE_LOOP_ANALYSIS = YES;
				CLANG_WARN_STRICT_PROTOTYPES = YES;
				CLANG_WARN_SUSPICIOUS_MOVE = YES;
				CLANG_WARN_UNGUARDED_AVAILABILITY = YES_AGGRESSIVE;
				CLANG_WARN_UNREACHABLE_CODE = YES;
				CLANG_WARN__DUPLICATE_METHOD_MATCH = YES;
				COPY_PHASE_STRIP = NO;
				DEBUG_INFORMATION_FORMAT = dwarf;
				ENABLE_STRICT_OBJC_MSGSEND = YES;
				ENABLE_TESTABILITY = YES;
				GCC_C_LANGUAGE_STANDARD = gnu11;
				GCC_DYNAMIC_NO_PIC = NO;
				GCC_NO_COMMON_BLOCKS = YES;
				GCC_OPTIMIZATION_LEVEL = 0;
				GCC_PREPROCESSOR_DEFINITIONS = (
					"DEBUG=1",
					"$(inherited)",
				);
				GCC_WARN_64_TO_32_BIT_CONVERSION = YES;
				GCC_WARN_ABOUT_RETURN_TYPE = YES_ERROR;
				GCC_WARN_UNDECLARED_SELECTOR = YES;
				GCC_WARN_UNINITIALIZED_AUTOS = YES_AGGRESSIVE;
				GCC_WARN_UNUSED_FUNCTION = YES;
				GCC_WARN_UNUSED_VARIABLE = YES;
				IPHONEOS_DEPLOYMENT_TARGET = 16.0;
				MTL_ENABLE_DEBUG_INFO = INCLUDE_SOURCE;
				MTL_FAST_MATH = YES;
				ONLY_ACTIVE_ARCH = YES;
				SDKROOT = iphoneos;
				SWIFT_ACTIVE_COMPILATION_CONDITIONS = DEBUG;
				SWIFT_OPTIMIZATION_LEVEL = "-Onone";
			};
			name = Debug;
		};
		3F973F24290FAC7400625877 /* Release */ = {
			isa = XCBuildConfiguration;
			buildSettings = {
				ALWAYS_SEARCH_USER_PATHS = NO;
				CLANG_ANALYZER_NONNULL = YES;
				CLANG_ANALYZER_NUMBER_OBJECT_CONVERSION = YES_AGGRESSIVE;
				CLANG_CXX_LANGUAGE_STANDARD = "gnu++20";
				CLANG_ENABLE_MODULES = YES;
				CLANG_ENABLE_OBJC_ARC = YES;
				CLANG_ENABLE_OBJC_WEAK = YES;
				CLANG_WARN_BLOCK_CAPTURE_AUTORELEASING = YES;
				CLANG_WARN_BOOL_CONVERSION = YES;
				CLANG_WARN_COMMA = YES;
				CLANG_WARN_CONSTANT_CONVERSION = YES;
				CLANG_WARN_DEPRECATED_OBJC_IMPLEMENTATIONS = YES;
				CLANG_WARN_DIRECT_OBJC_ISA_USAGE = YES_ERROR;
				CLANG_WARN_DOCUMENTATION_COMMENTS = YES;
				CLANG_WARN_EMPTY_BODY = YES;
				CLANG_WARN_ENUM_CONVERSION = YES;
				CLANG_WARN_INFINITE_RECURSION = YES;
				CLANG_WARN_INT_CONVERSION = YES;
				CLANG_WARN_NON_LITERAL_NULL_CONVERSION = YES;
				CLANG_WARN_OBJC_IMPLICIT_RETAIN_SELF = YES;
				CLANG_WARN_OBJC_LITERAL_CONVERSION = YES;
				CLANG_WARN_OBJC_ROOT_CLASS = YES_ERROR;
				CLANG_WARN_QUOTED_INCLUDE_IN_FRAMEWORK_HEADER = YES;
				CLANG_WARN_RANGE_LOOP_ANALYSIS = YES;
				CLANG_WARN_STRICT_PROTOTYPES = YES;
				CLANG_WARN_SUSPICIOUS_MOVE = YES;
				CLANG_WARN_UNGUARDED_AVAILABILITY = YES_AGGRESSIVE;
				CLANG_WARN_UNREACHABLE_CODE = YES;
				CLANG_WARN__DUPLICATE_METHOD_MATCH = YES;
				COPY_PHASE_STRIP = NO;
				DEBUG_INFORMATION_FORMAT = "dwarf-with-dsym";
				ENABLE_NS_ASSERTIONS = NO;
				ENABLE_STRICT_OBJC_MSGSEND = YES;
				GCC_C_LANGUAGE_STANDARD = gnu11;
				GCC_NO_COMMON_BLOCKS = YES;
				GCC_WARN_64_TO_32_BIT_CONVERSION = YES;
				GCC_WARN_ABOUT_RETURN_TYPE = YES_ERROR;
				GCC_WARN_UNDECLARED_SELECTOR = YES;
				GCC_WARN_UNINITIALIZED_AUTOS = YES_AGGRESSIVE;
				GCC_WARN_UNUSED_FUNCTION = YES;
				GCC_WARN_UNUSED_VARIABLE = YES;
				IPHONEOS_DEPLOYMENT_TARGET = 16.0;
				MTL_ENABLE_DEBUG_INFO = NO;
				MTL_FAST_MATH = YES;
				SDKROOT = iphoneos;
				SWIFT_COMPILATION_MODE = wholemodule;
				SWIFT_OPTIMIZATION_LEVEL = "-O";
				VALIDATE_PRODUCT = YES;
			};
			name = Release;
		};
		3F973F26290FAC7400625877 /* Debug */ = {
			isa = XCBuildConfiguration;
			buildSettings = {
				ASSETCATALOG_COMPILER_APPICON_NAME = AppIcon;
				ASSETCATALOG_COMPILER_GLOBAL_ACCENT_COLOR_NAME = AccentColor;
				CODE_SIGN_STYLE = Automatic;
				CURRENT_PROJECT_VERSION = 1;
				DEVELOPMENT_TEAM = SCAXYYK485;
				GENERATE_INFOPLIST_FILE = YES;
				INFOPLIST_KEY_UIApplicationSupportsIndirectInputEvents = YES;
				INFOPLIST_KEY_UILaunchStoryboardName = LaunchScreen;
				INFOPLIST_KEY_UIMainStoryboardFile = Main;
				INFOPLIST_KEY_UIStatusBarHidden = YES;
				INFOPLIST_KEY_UISupportedInterfaceOrientations_iPad = "UIInterfaceOrientationPortrait UIInterfaceOrientationPortraitUpsideDown UIInterfaceOrientationLandscapeLeft UIInterfaceOrientationLandscapeRight";
				INFOPLIST_KEY_UISupportedInterfaceOrientations_iPhone = "UIInterfaceOrientationPortrait UIInterfaceOrientationLandscapeLeft UIInterfaceOrientationLandscapeRight";
				LD_RUNPATH_SEARCH_PATHS = (
					"$(inherited)",
					"@executable_path/Frameworks",
				);
				MARKETING_VERSION = 1.0;
				PRODUCT_BUNDLE_IDENTIFIER = com.sam.BridgeOfGoku;
				PRODUCT_NAME = "$(TARGET_NAME)";
				SWIFT_EMIT_LOC_STRINGS = YES;
				SWIFT_VERSION = 5.0;
				TARGETED_DEVICE_FAMILY = "1,2";
			};
			name = Debug;
		};
		3F973F27290FAC7400625877 /* Release */ = {
			isa = XCBuildConfiguration;
			buildSettings = {
				ASSETCATALOG_COMPILER_APPICON_NAME = AppIcon;
				ASSETCATALOG_COMPILER_GLOBAL_ACCENT_COLOR_NAME = AccentColor;
				CODE_SIGN_STYLE = Automatic;
				CURRENT_PROJECT_VERSION = 1;
				DEVELOPMENT_TEAM = SCAXYYK485;
				GENERATE_INFOPLIST_FILE = YES;
				INFOPLIST_KEY_UIApplicationSupportsIndirectInputEvents = YES;
				INFOPLIST_KEY_UILaunchStoryboardName = LaunchScreen;
				INFOPLIST_KEY_UIMainStoryboardFile = Main;
				INFOPLIST_KEY_UIStatusBarHidden = YES;
				INFOPLIST_KEY_UISupportedInterfaceOrientations_iPad = "UIInterfaceOrientationPortrait UIInterfaceOrientationPortraitUpsideDown UIInterfaceOrientationLandscapeLeft UIInterfaceOrientationLandscapeRight";
				INFOPLIST_KEY_UISupportedInterfaceOrientations_iPhone = "UIInterfaceOrientationPortrait UIInterfaceOrientationLandscapeLeft UIInterfaceOrientationLandscapeRight";
				LD_RUNPATH_SEARCH_PATHS = (
					"$(inherited)",
					"@executable_path/Frameworks",
				);
				MARKETING_VERSION = 1.0;
				PRODUCT_BUNDLE_IDENTIFIER = com.sam.BridgeOfGoku;
				PRODUCT_NAME = "$(TARGET_NAME)";
				SWIFT_EMIT_LOC_STRINGS = YES;
				SWIFT_VERSION = 5.0;
				TARGETED_DEVICE_FAMILY = "1,2";
			};
			name = Release;
		};
/* End XCBuildConfiguration section */

/* Begin XCConfigurationList section */
		3F973F09290FAC7200625877 /* Build configuration list for PBXProject "BridgeOfGoku" */ = {
			isa = XCConfigurationList;
			buildConfigurations = (
				3F973F23290FAC7400625877 /* Debug */,
				3F973F24290FAC7400625877 /* Release */,
			);
			defaultConfigurationIsVisible = 0;
			defaultConfigurationName = Release;
		};
		3F973F25290FAC7400625877 /* Build configuration list for PBXNativeTarget "BridgeOfGoku" */ = {
			isa = XCConfigurationList;
			buildConfigurations = (
				3F973F26290FAC7400625877 /* Debug */,
				3F973F27290FAC7400625877 /* Release */,
			);
			defaultConfigurationIsVisible = 0;
			defaultConfigurationName = Release;
		};
/* End XCConfigurationList section */
	};
	rootObject = 3F973F06290FAC7200625877 /* Project object */;
}
